Microsoft Visual Studio Solution File, Format Version 11.00
# Visual Studio 2008

Project("{6650C227-B9A4-7595-CADB-F317D228726F}") = "Audio visualizer 1", "Assembly-CSharp.csproj", "{F22BBB65-4AEC-69EB-5F6C-BF3A725C6549}"
EndProject
Global
	GlobalSection(SolutionConfigurationPlatforms) = preSolution
		Debug|Any CPU = Debug|Any CPU
		Release|Any CPU = Release|Any CPU
	EndGlobalSection
	GlobalSection(ProjectConfigurationPlatforms) = postSolution
		{F22BBB65-4AEC-69EB-5F6C-BF3A725C6549}.Debug|Any CPU.ActiveCfg = Debug|Any CPU
		{F22BBB65-4AEC-69EB-5F6C-BF3A725C6549}.Debug|Any CPU.Build.0 = Debug|Any CPU
		{F22BBB65-4AEC-69EB-5F6C-BF3A725C6549}.Release|Any CPU.ActiveCfg = Release|Any CPU
		{F22BBB65-4AEC-69EB-5F6C-BF3A725C6549}.Release|Any CPU.Build.0 = Release|Any CPU
	EndGlobalSection
	GlobalSection(SolutionProperties) = preSolution
		HideSolutionNode = FALSE
	EndGlobalSection
	GlobalSection(MonoDevelopProperties) = preSolution
		StartupItem = Assembly-CSharp.csproj
	EndGlobalSection
EndGlobal
